{
  "name": "client",
  "version": "0.1.0",
  "lockfileVersion": 1,
  "requires": true,
  "dependencies": {
    "local-storage-library": {
      "version": "1.2.5",
      "resolved": "https://registry.npmjs.org/local-storage-library/-/local-storage-library-1.2.5.tgz",
      "integrity": "sha1-UtDZf8jD+ytC/bxMMLuNwd5IQHg="
    }
  }
}
